dependencies:
- name: mongodb
  repository: https://charts.bitnami.com/bitnami
  version: 13.9.1
- name: mailhog
  repository: https://codecentric.github.io/helm-charts
  version: 5.2.3
digest: sha256:1ddb3ffef899859222b72547657f57ea303e768d67886a4a57edcb0f773ea83f
generated: "2023-03-14T12:58:34.387144895+01:00"
